
Microsoft Visual Studio Solution File, Format Version 12.00
Project("{FAE04EC0-301F-11D3-BF4B-00C04F79EFBC}") = "LeetCode", "LeetCode\LeetCode.csproj", "{4AE4B7B7-AF10-4196-9C3A-01DAA6935FD3}"
EndProject
Project("{FAE04EC0-301F-11D3-BF4B-00C04F79EFBC}") = "Test", "Test\Test.csproj", "{FF60EDA5-1993-446F-BABB-6146C722E317}"
EndProject
Global
	GlobalSection(SolutionConfigurationPlatforms) = preSolution
		Debug|Any CPU = Debug|Any CPU
		Release|Any CPU = Release|Any CPU
	EndGlobalSection
	GlobalSection(ProjectConfigurationPlatforms) = postSolution
		{4AE4B7B7-AF10-4196-9C3A-01DAA6935FD3}.Debug|Any CPU.ActiveCfg = Debug|Any CPU
		{4AE4B7B7-AF10-4196-9C3A-01DAA6935FD3}.Debug|Any CPU.Build.0 = Debug|Any CPU
		{4AE4B7B7-AF10-4196-9C3A-01DAA6935FD3}.Release|Any CPU.ActiveCfg = Release|Any CPU
		{4AE4B7B7-AF10-4196-9C3A-01DAA6935FD3}.Release|Any CPU.Build.0 = Release|Any CPU
		{FF60EDA5-1993-446F-BABB-6146C722E317}.Debug|Any CPU.ActiveCfg = Debug|Any CPU
		{FF60EDA5-1993-446F-BABB-6146C722E317}.Debug|Any CPU.Build.0 = Debug|Any CPU
		{FF60EDA5-1993-446F-BABB-6146C722E317}.Release|Any CPU.ActiveCfg = Release|Any CPU
		{FF60EDA5-1993-446F-BABB-6146C722E317}.Release|Any CPU.Build.0 = Release|Any CPU
	EndGlobalSection
EndGlobal
